
Microsoft Visual Studio Solution File, Format Version 12.00
# Visual Studio Version 17
VisualStudioVersion = 17.0.31903.59
MinimumVisualStudioVersion = 10.0.40219.1
Project("{2150E333-8FDC-42A3-9474-1A3956D46DE8}") = "src", "src", "{D4DFC35C-FCBC-44F2-8E9A-258A43D2471A}"
EndProject
Project("{FAE04EC0-301F-11D3-BF4B-00C04F79EFBC}") = "EstateAccessManagement.Core", "src\EstateAccessManagement.Core\EstateAccessManagement.Core.csproj", "{F3C7196C-014F-46F2-BAE4-FC38D1115F37}"
EndProject
Project("{FAE04EC0-301F-11D3-BF4B-00C04F79EFBC}") = "EstateAccessManagement.Application", "src\EstateAccessManagement.Application\EstateAccessManagement.Application.csproj", "{6A3EDF2F-5F1A-4739-962F-C6706DC19CFC}"
EndProject
Project("{FAE04EC0-301F-11D3-BF4B-00C04F79EFBC}") = "EstateAccessManagement.Infrastructure", "src\EstateAccessManagement.Infrastructure\EstateAccessManagement.Infrastructure.csproj", "{3C9DD7C0-4C7E-4873-A2AA-5B421A23B214}"
EndProject
Project("{FAE04EC0-301F-11D3-BF4B-00C04F79EFBC}") = "EstateAccessManagement.API", "src\EstateAccessManagement.API\EstateAccessManagement.API.csproj", "{CAE37602-A8D9-466F-9A71-606EB6F9DE48}"
EndProject
Project("{2150E333-8FDC-42A3-9474-1A3956D46DE8}") = "tests", "tests", "{4D914E58-33FA-4929-AB81-121C39B4EDF7}"
EndProject
Project("{FAE04EC0-301F-11D3-BF4B-00C04F79EFBC}") = "EstateAccessManagement.Core.Tests", "tests\EstateAccessManagement.Core.Tests\EstateAccessManagement.Core.Tests.csproj", "{24F89CD2-3571-4B16-869F-AD729671A4B7}"
EndProject
Project("{FAE04EC0-301F-11D3-BF4B-00C04F79EFBC}") = "EstateAccessManagement.Application.Tests", "tests\EstateAccessManagement.Application.Tests\EstateAccessManagement.Application.Tests.csproj", "{F473DC56-DE65-436A-8EB3-31255301486C}"
EndProject
Project("{FAE04EC0-301F-11D3-BF4B-00C04F79EFBC}") = "EstateAccessManagement.API.Tests", "tests\EstateAccessManagement.API.Tests\EstateAccessManagement.API.Tests.csproj", "{B370E2EF-4680-4328-92EF-3ECE68CBACE4}"
EndProject
Project("{FAE04EC0-301F-11D3-BF4B-00C04F79EFBC}") = "EstateAccessManagement.Infrastructure.Tests", "tests\EstateAccessManagement.Infrastructure.Tests\EstateAccessManagement.Infrastructure.Tests.csproj", "{3219C88F-0FA7-4ACA-B4D5-FB904CCB8968}"
EndProject
Project("{FAE04EC0-301F-11D3-BF4B-00C04F79EFBC}") = "EstateAccessManagement.Common", "src\EstateAccessManagement.Common\EstateAccessManagement.Common.csproj", "{7306BF54-1ACC-4980-B6A3-180293F2ADE3}"
EndProject
Global
	GlobalSection(SolutionConfigurationPlatforms) = preSolution
		Debug|Any CPU = Debug|Any CPU
		Debug|x64 = Debug|x64
		Debug|x86 = Debug|x86
		Release|Any CPU = Release|Any CPU
		Release|x64 = Release|x64
		Release|x86 = Release|x86
	EndGlobalSection
	GlobalSection(ProjectConfigurationPlatforms) = postSolution
		{F3C7196C-014F-46F2-BAE4-FC38D1115F37}.Debug|Any CPU.ActiveCfg = Debug|Any CPU
		{F3C7196C-014F-46F2-BAE4-FC38D1115F37}.Debug|Any CPU.Build.0 = Debug|Any CPU
		{F3C7196C-014F-46F2-BAE4-FC38D1115F37}.Debug|x64.ActiveCfg = Debug|Any CPU
		{F3C7196C-014F-46F2-BAE4-FC38D1115F37}.Debug|x64.Build.0 = Debug|Any CPU
		{F3C7196C-014F-46F2-BAE4-FC38D1115F37}.Debug|x86.ActiveCfg = Debug|Any CPU
		{F3C7196C-014F-46F2-BAE4-FC38D1115F37}.Debug|x86.Build.0 = Debug|Any CPU
		{F3C7196C-014F-46F2-BAE4-FC38D1115F37}.Release|Any CPU.ActiveCfg = Release|Any CPU
		{F3C7196C-014F-46F2-BAE4-FC38D1115F37}.Release|Any CPU.Build.0 = Release|Any CPU
		{F3C7196C-014F-46F2-BAE4-FC38D1115F37}.Release|x64.ActiveCfg = Release|Any CPU
		{F3C7196C-014F-46F2-BAE4-FC38D1115F37}.Release|x64.Build.0 = Release|Any CPU
		{F3C7196C-014F-46F2-BAE4-FC38D1115F37}.Release|x86.ActiveCfg = Release|Any CPU
		{F3C7196C-014F-46F2-BAE4-FC38D1115F37}.Release|x86.Build.0 = Release|Any CPU
		{6A3EDF2F-5F1A-4739-962F-C6706DC19CFC}.Debug|Any CPU.ActiveCfg = Debug|Any CPU
		{6A3EDF2F-5F1A-4739-962F-C6706DC19CFC}.Debug|Any CPU.Build.0 = Debug|Any CPU
		{6A3EDF2F-5F1A-4739-962F-C6706DC19CFC}.Debug|x64.ActiveCfg = Debug|Any CPU
		{6A3EDF2F-5F1A-4739-962F-C6706DC19CFC}.Debug|x64.Build.0 = Debug|Any CPU
		{6A3EDF2F-5F1A-4739-962F-C6706DC19CFC}.Debug|x86.ActiveCfg = Debug|Any CPU
		{6A3EDF2F-5F1A-4739-962F-C6706DC19CFC}.Debug|x86.Build.0 = Debug|Any CPU
		{6A3EDF2F-5F1A-4739-962F-C6706DC19CFC}.Release|Any CPU.ActiveCfg = Release|Any CPU
		{6A3EDF2F-5F1A-4739-962F-C6706DC19CFC}.Release|Any CPU.Build.0 = Release|Any CPU
		{6A3EDF2F-5F1A-4739-962F-C6706DC19CFC}.Release|x64.ActiveCfg = Release|Any CPU
		{6A3EDF2F-5F1A-4739-962F-C6706DC19CFC}.Release|x64.Build.0 = Release|Any CPU
		{6A3EDF2F-5F1A-4739-962F-C6706DC19CFC}.Release|x86.ActiveCfg = Release|Any CPU
		{6A3EDF2F-5F1A-4739-962F-C6706DC19CFC}.Release|x86.Build.0 = Release|Any CPU
		{3C9DD7C0-4C7E-4873-A2AA-5B421A23B214}.Debug|Any CPU.ActiveCfg = Debug|Any CPU
		{3C9DD7C0-4C7E-4873-A2AA-5B421A23B214}.Debug|Any CPU.Build.0 = Debug|Any CPU
		{3C9DD7C0-4C7E-4873-A2AA-5B421A23B214}.Debug|x64.ActiveCfg = Debug|Any CPU
		{3C9DD7C0-4C7E-4873-A2AA-5B421A23B214}.Debug|x64.Build.0 = Debug|Any CPU
		{3C9DD7C0-4C7E-4873-A2AA-5B421A23B214}.Debug|x86.ActiveCfg = Debug|Any CPU
		{3C9DD7C0-4C7E-4873-A2AA-5B421A23B214}.Debug|x86.Build.0 = Debug|Any CPU
		{3C9DD7C0-4C7E-4873-A2AA-5B421A23B214}.Release|Any CPU.ActiveCfg = Release|Any CPU
		{3C9DD7C0-4C7E-4873-A2AA-5B421A23B214}.Release|Any CPU.Build.0 = Release|Any CPU
		{3C9DD7C0-4C7E-4873-A2AA-5B421A23B214}.Release|x64.ActiveCfg = Release|Any CPU
		{3C9DD7C0-4C7E-4873-A2AA-5B421A23B214}.Release|x64.Build.0 = Release|Any CPU
		{3C9DD7C0-4C7E-4873-A2AA-5B421A23B214}.Release|x86.ActiveCfg = Release|Any CPU
		{3C9DD7C0-4C7E-4873-A2AA-5B421A23B214}.Release|x86.Build.0 = Release|Any CPU
		{CAE37602-A8D9-466F-9A71-606EB6F9DE48}.Debug|Any CPU.ActiveCfg = Debug|Any CPU
		{CAE37602-A8D9-466F-9A71-606EB6F9DE48}.Debug|Any CPU.Build.0 = Debug|Any CPU
		{CAE37602-A8D9-466F-9A71-606EB6F9DE48}.Debug|x64.ActiveCfg = Debug|Any CPU
		{CAE37602-A8D9-466F-9A71-606EB6F9DE48}.Debug|x64.Build.0 = Debug|Any CPU
		{CAE37602-A8D9-466F-9A71-606EB6F9DE48}.Debug|x86.ActiveCfg = Debug|Any CPU
		{CAE37602-A8D9-466F-9A71-606EB6F9DE48}.Debug|x86.Build.0 = Debug|Any CPU
		{CAE37602-A8D9-466F-9A71-606EB6F9DE48}.Release|Any CPU.ActiveCfg = Release|Any CPU
		{CAE37602-A8D9-466F-9A71-606EB6F9DE48}.Release|Any CPU.Build.0 = Release|Any CPU
		{CAE37602-A8D9-466F-9A71-606EB6F9DE48}.Release|x64.ActiveCfg = Release|Any CPU
		{CAE37602-A8D9-466F-9A71-606EB6F9DE48}.Release|x64.Build.0 = Release|Any CPU
		{CAE37602-A8D9-466F-9A71-606EB6F9DE48}.Release|x86.ActiveCfg = Release|Any CPU
		{CAE37602-A8D9-466F-9A71-606EB6F9DE48}.Release|x86.Build.0 = Release|Any CPU
		{24F89CD2-3571-4B16-869F-AD729671A4B7}.Debug|Any CPU.ActiveCfg = Debug|Any CPU
		{24F89CD2-3571-4B16-869F-AD729671A4B7}.Debug|Any CPU.Build.0 = Debug|Any CPU
		{24F89CD2-3571-4B16-869F-AD729671A4B7}.Debug|x64.ActiveCfg = Debug|Any CPU
		{24F89CD2-3571-4B16-869F-AD729671A4B7}.Debug|x64.Build.0 = Debug|Any CPU
		{24F89CD2-3571-4B16-869F-AD729671A4B7}.Debug|x86.ActiveCfg = Debug|Any CPU
		{24F89CD2-3571-4B16-869F-AD729671A4B7}.Debug|x86.Build.0 = Debug|Any CPU
		{24F89CD2-3571-4B16-869F-AD729671A4B7}.Release|Any CPU.ActiveCfg = Release|Any CPU
		{24F89CD2-3571-4B16-869F-AD729671A4B7}.Release|Any CPU.Build.0 = Release|Any CPU
		{24F89CD2-3571-4B16-869F-AD729671A4B7}.Release|x64.ActiveCfg = Release|Any CPU
		{24F89CD2-3571-4B16-869F-AD729671A4B7}.Release|x64.Build.0 = Release|Any CPU
		{24F89CD2-3571-4B16-869F-AD729671A4B7}.Release|x86.ActiveCfg = Release|Any CPU
		{24F89CD2-3571-4B16-869F-AD729671A4B7}.Release|x86.Build.0 = Release|Any CPU
		{F473DC56-DE65-436A-8EB3-31255301486C}.Debug|Any CPU.ActiveCfg = Debug|Any CPU
		{F473DC56-DE65-436A-8EB3-31255301486C}.Debug|Any CPU.Build.0 = Debug|Any CPU
		{F473DC56-DE65-436A-8EB3-31255301486C}.Debug|x64.ActiveCfg = Debug|Any CPU
		{F473DC56-DE65-436A-8EB3-31255301486C}.Debug|x64.Build.0 = Debug|Any CPU
		{F473DC56-DE65-436A-8EB3-31255301486C}.Debug|x86.ActiveCfg = Debug|Any CPU
		{F473DC56-DE65-436A-8EB3-31255301486C}.Debug|x86.Build.0 = Debug|Any CPU
		{F473DC56-DE65-436A-8EB3-31255301486C}.Release|Any CPU.ActiveCfg = Release|Any CPU
		{F473DC56-DE65-436A-8EB3-31255301486C}.Release|Any CPU.Build.0 = Release|Any CPU
		{F473DC56-DE65-436A-8EB3-31255301486C}.Release|x64.ActiveCfg = Release|Any CPU
		{F473DC56-DE65-436A-8EB3-31255301486C}.Release|x64.Build.0 = Release|Any CPU
		{F473DC56-DE65-436A-8EB3-31255301486C}.Release|x86.ActiveCfg = Release|Any CPU
		{F473DC56-DE65-436A-8EB3-31255301486C}.Release|x86.Build.0 = Release|Any CPU
		{B370E2EF-4680-4328-92EF-3ECE68CBACE4}.Debug|Any CPU.ActiveCfg = Debug|Any CPU
		{B370E2EF-4680-4328-92EF-3ECE68CBACE4}.Debug|Any CPU.Build.0 = Debug|Any CPU
		{B370E2EF-4680-4328-92EF-3ECE68CBACE4}.Debug|x64.ActiveCfg = Debug|Any CPU
		{B370E2EF-4680-4328-92EF-3ECE68CBACE4}.Debug|x64.Build.0 = Debug|Any CPU
		{B370E2EF-4680-4328-92EF-3ECE68CBACE4}.Debug|x86.ActiveCfg = Debug|Any CPU
		{B370E2EF-4680-4328-92EF-3ECE68CBACE4}.Debug|x86.Build.0 = Debug|Any CPU
		{B370E2EF-4680-4328-92EF-3ECE68CBACE4}.Release|Any CPU.ActiveCfg = Release|Any CPU
		{B370E2EF-4680-4328-92EF-3ECE68CBACE4}.Release|Any CPU.Build.0 = Release|Any CPU
		{B370E2EF-4680-4328-92EF-3ECE68CBACE4}.Release|x64.ActiveCfg = Release|Any CPU
		{B370E2EF-4680-4328-92EF-3ECE68CBACE4}.Release|x64.Build.0 = Release|Any CPU
		{B370E2EF-4680-4328-92EF-3ECE68CBACE4}.Release|x86.ActiveCfg = Release|Any CPU
		{B370E2EF-4680-4328-92EF-3ECE68CBACE4}.Release|x86.Build.0 = Release|Any CPU
		{3219C88F-0FA7-4ACA-B4D5-FB904CCB8968}.Debug|Any CPU.ActiveCfg = Debug|Any CPU
		{3219C88F-0FA7-4ACA-B4D5-FB904CCB8968}.Debug|Any CPU.Build.0 = Debug|Any CPU
		{3219C88F-0FA7-4ACA-B4D5-FB904CCB8968}.Debug|x64.ActiveCfg = Debug|Any CPU
		{3219C88F-0FA7-4ACA-B4D5-FB904CCB8968}.Debug|x64.Build.0 = Debug|Any CPU
		{3219C88F-0FA7-4ACA-B4D5-FB904CCB8968}.Debug|x86.ActiveCfg = Debug|Any CPU
		{3219C88F-0FA7-4ACA-B4D5-FB904CCB8968}.Debug|x86.Build.0 = Debug|Any CPU
		{3219C88F-0FA7-4ACA-B4D5-FB904CCB8968}.Release|Any CPU.ActiveCfg = Release|Any CPU
		{3219C88F-0FA7-4ACA-B4D5-FB904CCB8968}.Release|Any CPU.Build.0 = Release|Any CPU
		{3219C88F-0FA7-4ACA-B4D5-FB904CCB8968}.Release|x64.ActiveCfg = Release|Any CPU
		{3219C88F-0FA7-4ACA-B4D5-FB904CCB8968}.Release|x64.Build.0 = Release|Any CPU
		{3219C88F-0FA7-4ACA-B4D5-FB904CCB8968}.Release|x86.ActiveCfg = Release|Any CPU
		{3219C88F-0FA7-4ACA-B4D5-FB904CCB8968}.Release|x86.Build.0 = Release|Any CPU
		{7306BF54-1ACC-4980-B6A3-180293F2ADE3}.Debug|Any CPU.ActiveCfg = Debug|Any CPU
		{7306BF54-1ACC-4980-B6A3-180293F2ADE3}.Debug|Any CPU.Build.0 = Debug|Any CPU
		{7306BF54-1ACC-4980-B6A3-180293F2ADE3}.Debug|x64.ActiveCfg = Debug|Any CPU
		{7306BF54-1ACC-4980-B6A3-180293F2ADE3}.Debug|x64.Build.0 = Debug|Any CPU
		{7306BF54-1ACC-4980-B6A3-180293F2ADE3}.Debug|x86.ActiveCfg = Debug|Any CPU
		{7306BF54-1ACC-4980-B6A3-180293F2ADE3}.Debug|x86.Build.0 = Debug|Any CPU
		{7306BF54-1ACC-4980-B6A3-180293F2ADE3}.Release|Any CPU.ActiveCfg = Release|Any CPU
		{7306BF54-1ACC-4980-B6A3-180293F2ADE3}.Release|Any CPU.Build.0 = Release|Any CPU
		{7306BF54-1ACC-4980-B6A3-180293F2ADE3}.Release|x64.ActiveCfg = Release|Any CPU
		{7306BF54-1ACC-4980-B6A3-180293F2ADE3}.Release|x64.Build.0 = Release|Any CPU
		{7306BF54-1ACC-4980-B6A3-180293F2ADE3}.Release|x86.ActiveCfg = Release|Any CPU
		{7306BF54-1ACC-4980-B6A3-180293F2ADE3}.Release|x86.Build.0 = Release|Any CPU
	EndGlobalSection
	GlobalSection(SolutionProperties) = preSolution
		HideSolutionNode = FALSE
	EndGlobalSection
	GlobalSection(NestedProjects) = preSolution
		{F3C7196C-014F-46F2-BAE4-FC38D1115F37} = {D4DFC35C-FCBC-44F2-8E9A-258A43D2471A}
		{6A3EDF2F-5F1A-4739-962F-C6706DC19CFC} = {D4DFC35C-FCBC-44F2-8E9A-258A43D2471A}
		{3C9DD7C0-4C7E-4873-A2AA-5B421A23B214} = {D4DFC35C-FCBC-44F2-8E9A-258A43D2471A}
		{CAE37602-A8D9-466F-9A71-606EB6F9DE48} = {D4DFC35C-FCBC-44F2-8E9A-258A43D2471A}
		{24F89CD2-3571-4B16-869F-AD729671A4B7} = {4D914E58-33FA-4929-AB81-121C39B4EDF7}
		{F473DC56-DE65-436A-8EB3-31255301486C} = {4D914E58-33FA-4929-AB81-121C39B4EDF7}
		{B370E2EF-4680-4328-92EF-3ECE68CBACE4} = {4D914E58-33FA-4929-AB81-121C39B4EDF7}
		{3219C88F-0FA7-4ACA-B4D5-FB904CCB8968} = {4D914E58-33FA-4929-AB81-121C39B4EDF7}
		{7306BF54-1ACC-4980-B6A3-180293F2ADE3} = {D4DFC35C-FCBC-44F2-8E9A-258A43D2471A}
	EndGlobalSection
EndGlobal
